
Microsoft Visual Studio Solution File, Format Version 12.00
Project("{FAE04EC0-301F-11D3-BF4B-00C04F79EFBC}") = "IdentityServer", "IdentityServer\IdentityServer.csproj", "{E9E3F498-7527-4EC2-8137-64A196E585EA}"
EndProject
Project("{FAE04EC0-301F-11D3-BF4B-00C04F79EFBC}") = "ProtectedMvcApp", "..\ProtectedMvcApp\ProtectedMvcApp.csproj", "{DDC08250-7C11-4013-B612-FEF217DBC728}"
EndProject
Global
	GlobalSection(SolutionConfigurationPlatforms) = preSolution
		Debug|Any CPU = Debug|Any CPU
		Release|Any CPU = Release|Any CPU
	EndGlobalSection
	GlobalSection(ProjectConfigurationPlatforms) = postSolution
		{E9E3F498-7527-4EC2-8137-64A196E585EA}.Debug|Any CPU.ActiveCfg = Debug|Any CPU
		{E9E3F498-7527-4EC2-8137-64A196E585EA}.Debug|Any CPU.Build.0 = Debug|Any CPU
		{E9E3F498-7527-4EC2-8137-64A196E585EA}.Release|Any CPU.ActiveCfg = Release|Any CPU
		{E9E3F498-7527-4EC2-8137-64A196E585EA}.Release|Any CPU.Build.0 = Release|Any CPU
		{DDC08250-7C11-4013-B612-FEF217DBC728}.Debug|Any CPU.ActiveCfg = Debug|Any CPU
		{DDC08250-7C11-4013-B612-FEF217DBC728}.Debug|Any CPU.Build.0 = Debug|Any CPU
		{DDC08250-7C11-4013-B612-FEF217DBC728}.Release|Any CPU.ActiveCfg = Release|Any CPU
		{DDC08250-7C11-4013-B612-FEF217DBC728}.Release|Any CPU.Build.0 = Release|Any CPU
	EndGlobalSection
EndGlobal
